
Microsoft Visual Studio Solution File, Format Version 12.00
# Visual Studio Version 17
VisualStudioVersion = 17.3.32819.101
MinimumVisualStudioVersion = 10.0.40219.1
Project("{FAE04EC0-301F-11D3-BF4B-00C04F79EFBC}") = "FIT5032_MyJS", "FIT5032_MyJS\FIT5032_MyJS.csproj", "{BAE9D3E6-1AF5-422D-A2EE-639857D31909}"
EndProject
Global
	GlobalSection(SolutionConfigurationPlatforms) = preSolution
		Debug|Any CPU = Debug|Any CPU
		Release|Any CPU = Release|Any CPU
	EndGlobalSection
	GlobalSection(ProjectConfigurationPlatforms) = postSolution
		{BAE9D3E6-1AF5-422D-A2EE-639857D31909}.Debug|Any CPU.ActiveCfg = Debug|Any CPU
		{BAE9D3E6-1AF5-422D-A2EE-639857D31909}.Debug|Any CPU.Build.0 = Debug|Any CPU
		{BAE9D3E6-1AF5-422D-A2EE-639857D31909}.Release|Any CPU.ActiveCfg = Release|Any CPU
		{BAE9D3E6-1AF5-422D-A2EE-639857D31909}.Release|Any CPU.Build.0 = Release|Any CPU
	EndGlobalSection
	GlobalSection(SolutionProperties) = preSolution
		HideSolutionNode = FALSE
	EndGlobalSection
	GlobalSection(ExtensibilityGlobals) = postSolution
		SolutionGuid = {C51852B8-F0C2-4D60-A932-A1911F7EE3B5}
	EndGlobalSection
EndGlobal
